{
  "name": "swu-core",
  "version": "1.0.0",
  "lockfileVersion": 3,
  "requires": true,
  "packages": {
    "": {
      "name": "swu-core",
      "version": "1.0.0",
      "license": "MIT",
      "dependencies": {
        "@types/tabulator-tables": "^6.2.9",
        "bootstrap": "^5.3.7",
        "sweetalert": "^2.1.2",
        "tabulator-tables": "^6.3.1"
      },
      "devDependencies": {
        "@types/bootstrap": "^5.2.10",
        "@types/sweetalert": "^1.1.28"
      }
    },
    "node_modules/@popperjs/core": {
      "version": "2.11.8",
      "resolved": "https://registry.npmjs.org/@popperjs/core/-/core-2.11.8.tgz",
      "integrity": "sha512-P1st0aksCrn9sGZhp8GMYwBnQsbvAWsZAX44oXNNvLHGqAOcoVxmjZiohstwQ7SqKnbR47akdNi+uleWD8+g6A==",
      "license": "MIT",
      "funding": {
        "type": "opencollective",
        "url": "https://opencollective.com/popperjs"
      }
    },
    "node_modules/@types/bootstrap": {
      "version": "5.2.10",
      "resolved": "https://registry.npmjs.org/@types/bootstrap/-/bootstrap-5.2.10.tgz",
      "integrity": "sha512-F2X+cd6551tep0MvVZ6nM8v7XgGN/twpdNDjqS1TUM7YFNEtQYWk+dKAnH+T1gr6QgCoGMPl487xw/9hXooa2g==",
      "dev": true,
      "license": "MIT",
      "dependencies": {
        "@popperjs/core": "^2.9.2"
      }
    },
    "node_modules/@types/sweetalert": {
      "version": "1.1.28",
      "resolved": "https://registry.npmjs.org/@types/sweetalert/-/sweetalert-1.1.28.tgz",
      "integrity": "sha512-5A90pxXPIb+TwN/WhS5VBb6QQgIN6ArSXJrr7L8HcqgwiYwL0pIueZ302H5VVK43/uit+KICS6HfrJxm61x4dA==",
      "dev": true,
      "license": "MIT"
    },
    "node_modules/@types/tabulator-tables": {
      "version": "6.2.9",
      "resolved": "https://registry.npmjs.org/@types/tabulator-tables/-/tabulator-tables-6.2.9.tgz",
      "integrity": "sha512-u4AlO6z54njaeeLFSlwuqpKSCdUko0O0x47UolLNmwA8AhamSl9x7wziN+mo6Q0ca4g/V0FuhqIO9yXvaBh69A==",
      "license": "MIT"
    },
    "node_modules/bootstrap": {
      "version": "5.3.7",
      "resolved": "https://registry.npmjs.org/bootstrap/-/bootstrap-5.3.7.tgz",
      "integrity": "sha512-7KgiD8UHjfcPBHEpDNg+zGz8L3LqR3GVwqZiBRFX04a1BCArZOz1r2kjly2HQ0WokqTO0v1nF+QAt8dsW4lKlw==",
      "funding": [
        {
          "type": "github",
          "url": "https://github.com/sponsors/twbs"
        },
        {
          "type": "opencollective",
          "url": "https://opencollective.com/bootstrap"
        }
      ],
      "license": "MIT",
      "peerDependencies": {
        "@popperjs/core": "^2.11.8"
      }
    },
    "node_modules/es6-object-assign": {
      "version": "1.1.0",
      "resolved": "https://registry.npmjs.org/es6-object-assign/-/es6-object-assign-1.1.0.tgz",
      "integrity": "sha512-MEl9uirslVwqQU369iHNWZXsI8yaZYGg/D65aOgZkeyFJwHYSxilf7rQzXKI7DdDuBPrBXbfk3sl9hJhmd5AUw==",
      "license": "MIT"
    },
    "node_modules/promise-polyfill": {
      "version": "6.1.0",
      "resolved": "https://registry.npmjs.org/promise-polyfill/-/promise-polyfill-6.1.0.tgz",
      "integrity": "sha512-g0LWaH0gFsxovsU7R5LrrhHhWAWiHRnh1GPrhXnPgYsDkIqjRYUYSZEsej/wtleDrz5xVSIDbeKfidztp2XHFQ==",
      "license": "MIT"
    },
    "node_modules/sweetalert": {
      "version": "2.1.2",
      "resolved": "https://registry.npmjs.org/sweetalert/-/sweetalert-2.1.2.tgz",
      "integrity": "sha512-iWx7X4anRBNDa/a+AdTmvAzQtkN1+s4j/JJRWlHpYE8Qimkohs8/XnFcWeYHH2lMA8LRCa5tj2d244If3S/hzA==",
      "license": "MIT",
      "dependencies": {
        "es6-object-assign": "^1.1.0",
        "promise-polyfill": "^6.0.2"
      }
    },
    "node_modules/tabulator-tables": {
      "version": "6.3.1",
      "resolved": "https://registry.npmjs.org/tabulator-tables/-/tabulator-tables-6.3.1.tgz",
      "integrity": "sha512-qFW7kfadtcaISQIibKAIy0f3eeIXUVi8242Vly1iJfMD79kfEGzfczNuPBN/80hDxHzQJXYbmJ8VipI40hQtfA==",
      "license": "MIT"
    }
  }
}
